
Microsoft Visual Studio Solution File, Format Version 12.00
# Visual Studio 2013
VisualStudioVersion = 12.0.30501.0
MinimumVisualStudioVersion = 10.0.40219.1
Project("{FAE04EC0-301F-11D3-BF4B-00C04F79EFBC}") = "OutlookGoogleSync", "OutlookGoogleSync.csproj", "{B35C9DB2-79BC-46A3-9BE4-BCE33BC3721E}"
EndProject
Project("{2150E333-8FDC-42A3-9474-1A3956D46DE8}") = ".nuget", ".nuget", "{DBE18C49-471C-43D1-B34D-D4131F371DAD}"
	ProjectSection(SolutionItems) = preProject
		.nuget\NuGet.Config = .nuget\NuGet.Config
		.nuget\NuGet.exe = .nuget\NuGet.exe
		.nuget\NuGet.targets = .nuget\NuGet.targets
	EndProjectSection
EndProject
Project("{FAE04EC0-301F-11D3-BF4B-00C04F79EFBC}") = "OutlookGoogleSyncClient", "..\OutlookGoogleSyncClient\OutlookGoogleSyncClient.csproj", "{E8C6BE03-664A-4489-AFCE-C378BFE23568}"
EndProject
Global
	GlobalSection(SubversionScc) = preSolution
		Svn-Managed = True
		Manager = AnkhSVN - Subversion Support for Visual Studio
	EndGlobalSection
	GlobalSection(SolutionConfigurationPlatforms) = preSolution
		Debug|Any CPU = Debug|Any CPU
		Debug|Mixed Platforms = Debug|Mixed Platforms
		Debug|x86 = Debug|x86
		Release|Any CPU = Release|Any CPU
		Release|Mixed Platforms = Release|Mixed Platforms
		Release|x86 = Release|x86
	EndGlobalSection
	GlobalSection(ProjectConfigurationPlatforms) = postSolution
		{B35C9DB2-79BC-46A3-9BE4-BCE33BC3721E}.Debug|Any CPU.ActiveCfg = Debug|Any CPU
		{B35C9DB2-79BC-46A3-9BE4-BCE33BC3721E}.Debug|Any CPU.Build.0 = Debug|Any CPU
		{B35C9DB2-79BC-46A3-9BE4-BCE33BC3721E}.Debug|Mixed Platforms.ActiveCfg = Debug|x86
		{B35C9DB2-79BC-46A3-9BE4-BCE33BC3721E}.Debug|Mixed Platforms.Build.0 = Debug|x86
		{B35C9DB2-79BC-46A3-9BE4-BCE33BC3721E}.Debug|x86.ActiveCfg = Debug|x86
		{B35C9DB2-79BC-46A3-9BE4-BCE33BC3721E}.Debug|x86.Build.0 = Debug|x86
		{B35C9DB2-79BC-46A3-9BE4-BCE33BC3721E}.Release|Any CPU.ActiveCfg = Release|x86
		{B35C9DB2-79BC-46A3-9BE4-BCE33BC3721E}.Release|Mixed Platforms.ActiveCfg = Release|x86
		{B35C9DB2-79BC-46A3-9BE4-BCE33BC3721E}.Release|Mixed Platforms.Build.0 = Release|x86
		{B35C9DB2-79BC-46A3-9BE4-BCE33BC3721E}.Release|x86.ActiveCfg = Release|x86
		{B35C9DB2-79BC-46A3-9BE4-BCE33BC3721E}.Release|x86.Build.0 = Release|x86
		{E8C6BE03-664A-4489-AFCE-C378BFE23568}.Debug|Any CPU.ActiveCfg = Debug|Any CPU
		{E8C6BE03-664A-4489-AFCE-C378BFE23568}.Debug|Any CPU.Build.0 = Debug|Any CPU
		{E8C6BE03-664A-4489-AFCE-C378BFE23568}.Debug|Mixed Platforms.ActiveCfg = Debug|Any CPU
		{E8C6BE03-664A-4489-AFCE-C378BFE23568}.Debug|Mixed Platforms.Build.0 = Debug|Any CPU
		{E8C6BE03-664A-4489-AFCE-C378BFE23568}.Debug|x86.ActiveCfg = Debug|Any CPU
		{E8C6BE03-664A-4489-AFCE-C378BFE23568}.Release|Any CPU.ActiveCfg = Release|Any CPU
		{E8C6BE03-664A-4489-AFCE-C378BFE23568}.Release|Any CPU.Build.0 = Release|Any CPU
		{E8C6BE03-664A-4489-AFCE-C378BFE23568}.Release|Mixed Platforms.ActiveCfg = Release|Any CPU
		{E8C6BE03-664A-4489-AFCE-C378BFE23568}.Release|Mixed Platforms.Build.0 = Release|Any CPU
		{E8C6BE03-664A-4489-AFCE-C378BFE23568}.Release|x86.ActiveCfg = Release|Any CPU
	EndGlobalSection
	GlobalSection(SolutionProperties) = preSolution
		HideSolutionNode = FALSE
	EndGlobalSection
EndGlobal
